{
  "name": "fcc-learn-node-with-express",
  "version": "0.1.0",
  "lockfileVersion": 1,
  "requires": true,
  "dependencies": {
    "dotenv": {
      "version": "10.0.0",
      "resolved": "https://registry.npmjs.org/dotenv/-/dotenv-10.0.0.tgz",
      "integrity": "sha512-rlBi9d8jpv9Sf1klPjNfFAuWDjKLwTIJJ/VxtoTwIR6hnZxcEOQCZg2oIL3MWBYw5GpUDKOEnND7LXTbIpQ03Q=="
    },
    "fcc-express-bground": {
      "version": "git+https://github.com/freeCodeCamp/fcc-express-bground-pkg.git#47b44b9aeefdf8c3351adaa95010657a6323d9fb",
      "from": "git+https://github.com/freeCodeCamp/fcc-express-bground-pkg.git"
    }
  }
}
